
Microsoft Visual Studio Solution File, Format Version 12.00
# Visual Studio Version 17
Project("{8BC9CEB8-8B4A-11D0-8D11-00A0C91BC942}") = "ALL_BUILD", "ALL_BUILD.vcxproj", "{93D6F521-1257-3119-801C-FC95BADD7201}"
	ProjectSection(ProjectDependencies) = postProject
		{5E5735C5-C176-3000-BB41-84BD6FBCA6D3} = {5E5735C5-C176-3000-BB41-84BD6FBCA6D3}
		{4CF5FA4C-3D5C-33E7-9345-8C85D9C6AA27} = {4CF5FA4C-3D5C-33E7-9345-8C85D9C6AA27}
	EndProjectSection
EndProject
Project("{8BC9CEB8-8B4A-11D0-8D11-00A0C91BC942}") = "ZERO_CHECK", "ZERO_CHECK.vcxproj", "{5E5735C5-C176-3000-BB41-84BD6FBCA6D3}"
	ProjectSection(ProjectDependencies) = postProject
	EndProjectSection
EndProject
Project("{8BC9CEB8-8B4A-11D0-8D11-00A0C91BC942}") = "testbed", "testbed.vcxproj", "{4CF5FA4C-3D5C-33E7-9345-8C85D9C6AA27}"
	ProjectSection(ProjectDependencies) = postProject
		{5E5735C5-C176-3000-BB41-84BD6FBCA6D3} = {5E5735C5-C176-3000-BB41-84BD6FBCA6D3}
	EndProjectSection
EndProject
Global
	GlobalSection(SolutionConfigurationPlatforms) = preSolution
		Debug|x64 = Debug|x64
		Release|x64 = Release|x64
		MinSizeRel|x64 = MinSizeRel|x64
		RelWithDebInfo|x64 = RelWithDebInfo|x64
	EndGlobalSection
	GlobalSection(ProjectConfigurationPlatforms) = postSolution
		{93D6F521-1257-3119-801C-FC95BADD7201}.Debug|x64.ActiveCfg = Debug|x64
		{93D6F521-1257-3119-801C-FC95BADD7201}.Release|x64.ActiveCfg = Release|x64
		{93D6F521-1257-3119-801C-FC95BADD7201}.MinSizeRel|x64.ActiveCfg = MinSizeRel|x64
		{93D6F521-1257-3119-801C-FC95BADD7201}.RelWithDebInfo|x64.ActiveCfg = RelWithDebInfo|x64
		{5E5735C5-C176-3000-BB41-84BD6FBCA6D3}.Debug|x64.ActiveCfg = Debug|x64
		{5E5735C5-C176-3000-BB41-84BD6FBCA6D3}.Debug|x64.Build.0 = Debug|x64
		{5E5735C5-C176-3000-BB41-84BD6FBCA6D3}.Release|x64.ActiveCfg = Release|x64
		{5E5735C5-C176-3000-BB41-84BD6FBCA6D3}.Release|x64.Build.0 = Release|x64
		{5E5735C5-C176-3000-BB41-84BD6FBCA6D3}.MinSizeRel|x64.ActiveCfg = MinSizeRel|x64
		{5E5735C5-C176-3000-BB41-84BD6FBCA6D3}.MinSizeRel|x64.Build.0 = MinSizeRel|x64
		{5E5735C5-C176-3000-BB41-84BD6FBCA6D3}.RelWithDebInfo|x64.ActiveCfg = RelWithDebInfo|x64
		{5E5735C5-C176-3000-BB41-84BD6FBCA6D3}.RelWithDebInfo|x64.Build.0 = RelWithDebInfo|x64
		{4CF5FA4C-3D5C-33E7-9345-8C85D9C6AA27}.Debug|x64.ActiveCfg = Debug|x64
		{4CF5FA4C-3D5C-33E7-9345-8C85D9C6AA27}.Debug|x64.Build.0 = Debug|x64
		{4CF5FA4C-3D5C-33E7-9345-8C85D9C6AA27}.Release|x64.ActiveCfg = Release|x64
		{4CF5FA4C-3D5C-33E7-9345-8C85D9C6AA27}.Release|x64.Build.0 = Release|x64
		{4CF5FA4C-3D5C-33E7-9345-8C85D9C6AA27}.MinSizeRel|x64.ActiveCfg = MinSizeRel|x64
		{4CF5FA4C-3D5C-33E7-9345-8C85D9C6AA27}.MinSizeRel|x64.Build.0 = MinSizeRel|x64
		{4CF5FA4C-3D5C-33E7-9345-8C85D9C6AA27}.RelWithDebInfo|x64.ActiveCfg = RelWithDebInfo|x64
		{4CF5FA4C-3D5C-33E7-9345-8C85D9C6AA27}.RelWithDebInfo|x64.Build.0 = RelWithDebInfo|x64
	EndGlobalSection
	GlobalSection(ExtensibilityGlobals) = postSolution
		SolutionGuid = {E3C2DBC9-1A96-38AF-8685-6E4044ADE300}
	EndGlobalSection
	GlobalSection(ExtensibilityAddIns) = postSolution
	EndGlobalSection
EndGlobal
