<?xml version="1.0" encoding="utf-8"?>
<Project ToolsVersion="17.0" xmlns="http://schemas.microsoft.com/developer/msbuild/2003">
  <ItemGroup>
    <CustomBuild Include="D:\dev-project\meet-up\JuicyEngine\engine\testbed\CMakeFiles\3ca95141abda6239f8564c75ef972230\generate.stamp.rule">
      <Filter>CMake Rules</Filter>
    </CustomBuild>
  </ItemGroup>
  <ItemGroup>
    <Filter Include="CMake Rules">
      <UniqueIdentifier>{006BAF0E-F049-37D0-AEEB-884FFC1ADDC9}</UniqueIdentifier>
    </Filter>
  </ItemGroup>
</Project>
